
Microsoft Visual Studio Solution File, Format Version 12.00
# Visual Studio Version 17
VisualStudioVersion = 17.8.34330.188
MinimumVisualStudioVersion = 10.0.40219.1
Project("{FAE04EC0-301F-11D3-BF4B-00C04F79EFBC}") = "DIALOG RESULT", "DIALOG RESULT.csproj", "{C36D8F47-12F0-4641-A4BB-FF6D880AE1D1}"
EndProject
Global
	GlobalSection(SolutionConfigurationPlatforms) = preSolution
		Debug|Any CPU = Debug|Any CPU
		Release|Any CPU = Release|Any CPU
	EndGlobalSection
	GlobalSection(ProjectConfigurationPlatforms) = postSolution
		{C36D8F47-12F0-4641-A4BB-FF6D880AE1D1}.Debug|Any CPU.ActiveCfg = Debug|Any CPU
		{C36D8F47-12F0-4641-A4BB-FF6D880AE1D1}.Debug|Any CPU.Build.0 = Debug|Any CPU
		{C36D8F47-12F0-4641-A4BB-FF6D880AE1D1}.Release|Any CPU.ActiveCfg = Release|Any CPU
		{C36D8F47-12F0-4641-A4BB-FF6D880AE1D1}.Release|Any CPU.Build.0 = Release|Any CPU
	EndGlobalSection
	GlobalSection(SolutionProperties) = preSolution
		HideSolutionNode = FALSE
	EndGlobalSection
	GlobalSection(ExtensibilityGlobals) = postSolution
		SolutionGuid = {379A3CF4-59F9-4F10-9323-2F6F561EBF56}
	EndGlobalSection
EndGlobal
